
Microsoft Visual Studio Solution File, Format Version 11.00
# Visual Studio 2010
Project("{FAE04EC0-301F-11D3-BF4B-00C04F79EFBC}") = "Essentials", "Essentials\Essentials.csproj", "{85F20ADC-C2D1-416D-B7FF-9433C75A8F01}"
EndProject
Project("{FAE04EC0-301F-11D3-BF4B-00C04F79EFBC}") = "SignCommands", "SignCommands\SignCommands.csproj", "{AC6A21C4-6EFB-414B-BCE3-6B8F99F65165}"
EndProject
Global
	GlobalSection(SolutionConfigurationPlatforms) = preSolution
		Debug|Any CPU = Debug|Any CPU
		Release|Any CPU = Release|Any CPU
	EndGlobalSection
	GlobalSection(ProjectConfigurationPlatforms) = postSolution
		{85F20ADC-C2D1-416D-B7FF-9433C75A8F01}.Debug|Any CPU.ActiveCfg = Debug|Any CPU
		{85F20ADC-C2D1-416D-B7FF-9433C75A8F01}.Debug|Any CPU.Build.0 = Debug|Any CPU
		{85F20ADC-C2D1-416D-B7FF-9433C75A8F01}.Release|Any CPU.ActiveCfg = Release|Any CPU
		{85F20ADC-C2D1-416D-B7FF-9433C75A8F01}.Release|Any CPU.Build.0 = Release|Any CPU
		{AC6A21C4-6EFB-414B-BCE3-6B8F99F65165}.Debug|Any CPU.ActiveCfg = Debug|Any CPU
		{AC6A21C4-6EFB-414B-BCE3-6B8F99F65165}.Debug|Any CPU.Build.0 = Debug|Any CPU
		{AC6A21C4-6EFB-414B-BCE3-6B8F99F65165}.Release|Any CPU.ActiveCfg = Release|Any CPU
		{AC6A21C4-6EFB-414B-BCE3-6B8F99F65165}.Release|Any CPU.Build.0 = Release|Any CPU
	EndGlobalSection
	GlobalSection(SolutionProperties) = preSolution
		HideSolutionNode = FALSE
	EndGlobalSection
EndGlobal
